
Microsoft Visual Studio Solution File, Format Version 12.00
# Visual Studio Version 16
VisualStudioVersion = 16.0.30204.135
MinimumVisualStudioVersion = 10.0.40219.1
Project("{FAE04EC0-301F-11D3-BF4B-00C04F79EFBC}") = "EFAndAPITest", "EFAndAPITest\EFAndAPITest.csproj", "{5EDCF2EF-6B61-446F-B628-DEA34A6711F2}"
EndProject
Global
	GlobalSection(SolutionConfigurationPlatforms) = preSolution
		Debug|Any CPU = Debug|Any CPU
		Release|Any CPU = Release|Any CPU
	EndGlobalSection
	GlobalSection(ProjectConfigurationPlatforms) = postSolution
		{5EDCF2EF-6B61-446F-B628-DEA34A6711F2}.Debug|Any CPU.ActiveCfg = Debug|Any CPU
		{5EDCF2EF-6B61-446F-B628-DEA34A6711F2}.Debug|Any CPU.Build.0 = Debug|Any CPU
		{5EDCF2EF-6B61-446F-B628-DEA34A6711F2}.Release|Any CPU.ActiveCfg = Release|Any CPU
		{5EDCF2EF-6B61-446F-B628-DEA34A6711F2}.Release|Any CPU.Build.0 = Release|Any CPU
	EndGlobalSection
	GlobalSection(SolutionProperties) = preSolution
		HideSolutionNode = FALSE
	EndGlobalSection
	GlobalSection(ExtensibilityGlobals) = postSolution
		SolutionGuid = {B031E284-343F-4B7D-BA0A-7D83B622536E}
	EndGlobalSection
EndGlobal
